// !$*UTF8*$!
{
	archiveVersion = 1;
	classes = {
	};
	objectVersion = 50;
	objects = {

/* Begin PBXBuildFile section */
		482392D02334B4F80099A303 /* PushNotificationSimulationExamplesTests.swift in Sources */ = {isa = PBXBuildFile; fileRef = 482392CF2334B4F80099A303 /* PushNotificationSimulationExamplesTests.swift */; };
		482392D92334B6720099A303 /* AppDelegateMock.swift in Sources */ = {isa = PBXBuildFile; fileRef = 482392D82334B6720099A303 /* AppDelegateMock.swift */; };
		487524212333855D00CC8AB5 /* PushNotificationSimulation.h in Headers */ = {isa = PBXBuildFile; fileRef = 4875241F2333855D00CC8AB5 /* PushNotificationSimulation.h */; settings = {ATTRIBUTES = (Public, ); }; };
		4875244C233385D000CC8AB5 /* AppDelegate.swift in Sources */ = {isa = PBXBuildFile; fileRef = 4875244B233385D000CC8AB5 /* AppDelegate.swift */; };
		4875244E233385D000CC8AB5 /* ViewController.swift in Sources */ = {isa = PBXBuildFile; fileRef = 4875244D233385D000CC8AB5 /* ViewController.swift */; };
		48752451233385D000CC8AB5 /* Main.storyboard in Resources */ = {isa = PBXBuildFile; fileRef = 4875244F233385D000CC8AB5 /* Main.storyboard */; };
		48752453233385D000CC8AB5 /* Assets.xcassets in Resources */ = {isa = PBXBuildFile; fileRef = 48752452233385D000CC8AB5 /* Assets.xcassets */; };
		48752456233385D000CC8AB5 /* LaunchScreen.storyboard in Resources */ = {isa = PBXBuildFile; fileRef = 48752454233385D000CC8AB5 /* LaunchScreen.storyboard */; };
		4875245C233387F600CC8AB5 /* PushNotificationSimulation.swift in Sources */ = {isa = PBXBuildFile; fileRef = 4875245B233387F600CC8AB5 /* PushNotificationSimulation.swift */; };
/* End PBXBuildFile section */

/* Begin PBXContainerItemProxy section */
		482392D22334B4F80099A303 /* PBXContainerItemProxy */ = {
			isa = PBXContainerItemProxy;
			containerPortal = 487524132333855D00CC8AB5 /* Project object */;
			proxyType = 1;
			remoteGlobalIDString = 48752448233385CF00CC8AB5;
			remoteInfo = PushNotificationSimulationExamples;
		};
/* End PBXContainerItemProxy section */

/* Begin PBXFileReference section */
		482392CD2334B4F80099A303 /* PushNotificationSimulationExamplesTests.xctest */ = {isa = PBXFileReference; explicitFileType = wrapper.cfbundle; includeInIndex = 0; path = PushNotificationSimulationExamplesTests.xctest; sourceTree = BUILT_PRODUCTS_DIR; };
		482392CF2334B4F80099A303 /* PushNotificationSimulationExamplesTests.swift */ = {isa = PBXFileReference; lastKnownFileType = sourcecode.swift; path = PushNotificationSimulationExamplesTests.swift; sourceTree = "<group>"; };
		482392D12334B4F80099A303 /* Info.plist */ = {isa = PBXFileReference; lastKnownFileType = text.plist.xml; path = Info.plist; sourceTree = "<group>"; };
		482392D82334B6720099A303 /* AppDelegateMock.swift */ = {isa = PBXFileReference; lastKnownFileType = sourcecode.swift; path = AppDelegateMock.swift; sourceTree = "<group>"; };
		4875241C2333855D00CC8AB5 /* PushNotificationSimulation.framework */ = {isa = PBXFileReference; explicitFileType = wrapper.framework; includeInIndex = 0; path = PushNotificationSimulation.framework; sourceTree = BUILT_PRODUCTS_DIR; };
		4875241F2333855D00CC8AB5 /* PushNotificationSimulation.h */ = {isa = PBXFileReference; lastKnownFileType = sourcecode.c.h; path = PushNotificationSimulation.h; sourceTree = "<group>"; };
		487524202333855D00CC8AB5 /* Info.plist */ = {isa = PBXFileReference; lastKnownFileType = text.plist.xml; path = Info.plist; sourceTree = "<group>"; };
		48752449233385CF00CC8AB5 /* PushNotificationSimulationExamples.app */ = {isa = PBXFileReference; explicitFileType = wrapper.application; includeInIndex = 0; path = PushNotificationSimulationExamples.app; sourceTree = BUILT_PRODUCTS_DIR; };
		4875244B233385D000CC8AB5 /* AppDelegate.swift */ = {isa = PBXFileReference; lastKnownFileType = sourcecode.swift; path = AppDelegate.swift; sourceTree = "<group>"; };
		4875244D233385D000CC8AB5 /* ViewController.swift */ = {isa = PBXFileReference; lastKnownFileType = sourcecode.swift; path = ViewController.swift; sourceTree = "<group>"; };
		48752450233385D000CC8AB5 /* Base */ = {isa = PBXFileReference; lastKnownFileType = file.storyboard; name = Base; path = Base.lproj/Main.storyboard; sourceTree = "<group>"; };
		48752452233385D000CC8AB5 /* Assets.xcassets */ = {isa = PBXFileReference; lastKnownFileType = folder.assetcatalog; path = Assets.xcassets; sourceTree = "<group>"; };
		48752455233385D000CC8AB5 /* Base */ = {isa = PBXFileReference; lastKnownFileType = file.storyboard; name = Base; path = Base.lproj/LaunchScreen.storyboard; sourceTree = "<group>"; };
		48752457233385D000CC8AB5 /* Info.plist */ = {isa = PBXFileReference; lastKnownFileType = text.plist.xml; path = Info.plist; sourceTree = "<group>"; };
		4875245B233387F600CC8AB5 /* PushNotificationSimulation.swift */ = {isa = PBXFileReference; lastKnownFileType = sourcecode.swift; path = PushNotificationSimulation.swift; sourceTree = "<group>"; };
/* End PBXFileReference section */

/* Begin PBXFrameworksBuildPhase section */
		482392CA2334B4F80099A303 /* Frameworks */ = {
			isa = PBXFrameworksBuildPhase;
			buildActionMask = 2147483647;
			files = (
			);
			runOnlyForDeploymentPostprocessing = 0;
		};
		487524192333855D00CC8AB5 /* Frameworks */ = {
			isa = PBXFrameworksBuildPhase;
			buildActionMask = 2147483647;
			files = (
			);
			runOnlyForDeploymentPostprocessing = 0;
		};
		48752446233385CF00CC8AB5 /* Frameworks */ = {
			isa = PBXFrameworksBuildPhase;
			buildActionMask = 2147483647;
			files = (
			);
			runOnlyForDeploymentPostprocessing = 0;
		};
/* End PBXFrameworksBuildPhase section */

/* Begin PBXGroup section */
		482392CE2334B4F80099A303 /* PushNotificationSimulationExamplesTests */ = {
			isa = PBXGroup;
			children = (
				482392CF2334B4F80099A303 /* PushNotificationSimulationExamplesTests.swift */,
				482392D72334B6640099A303 /* Mocks */,
				482392D12334B4F80099A303 /* Info.plist */,
			);
			path = PushNotificationSimulationExamplesTests;
			sourceTree = "<group>";
		};
		482392D72334B6640099A303 /* Mocks */ = {
			isa = PBXGroup;
			children = (
				482392D82334B6720099A303 /* AppDelegateMock.swift */,
			);
			path = Mocks;
			sourceTree = "<group>";
		};
		487524122333855D00CC8AB5 = {
			isa = PBXGroup;
			children = (
				4875241E2333855D00CC8AB5 /* PushNotificationSimulation */,
				4875244A233385D000CC8AB5 /* PushNotificationSimulationExamples */,
				482392CE2334B4F80099A303 /* PushNotificationSimulationExamplesTests */,
				4875241D2333855D00CC8AB5 /* Products */,
			);
			sourceTree = "<group>";
		};
		4875241D2333855D00CC8AB5 /* Products */ = {
			isa = PBXGroup;
			children = (
				4875241C2333855D00CC8AB5 /* PushNotificationSimulation.framework */,
				48752449233385CF00CC8AB5 /* PushNotificationSimulationExamples.app */,
				482392CD2334B4F80099A303 /* PushNotificationSimulationExamplesTests.xctest */,
			);
			name = Products;
			sourceTree = "<group>";
		};
		4875241E2333855D00CC8AB5 /* PushNotificationSimulation */ = {
			isa = PBXGroup;
			children = (
				4875241F2333855D00CC8AB5 /* PushNotificationSimulation.h */,
				4875245B233387F600CC8AB5 /* PushNotificationSimulation.swift */,
				487524202333855D00CC8AB5 /* Info.plist */,
			);
			path = PushNotificationSimulation;
			sourceTree = "<group>";
		};
		4875244A233385D000CC8AB5 /* PushNotificationSimulationExamples */ = {
			isa = PBXGroup;
			children = (
				4875244B233385D000CC8AB5 /* AppDelegate.swift */,
				4875244D233385D000CC8AB5 /* ViewController.swift */,
				4875244F233385D000CC8AB5 /* Main.storyboard */,
				48752452233385D000CC8AB5 /* Assets.xcassets */,
				48752454233385D000CC8AB5 /* LaunchScreen.storyboard */,
				48752457233385D000CC8AB5 /* Info.plist */,
			);
			path = PushNotificationSimulationExamples;
			sourceTree = "<group>";
		};
/* End PBXGroup section */

/* Begin PBXHeadersBuildPhase section */
		487524172333855D00CC8AB5 /* Headers */ = {
			isa = PBXHeadersBuildPhase;
			buildActionMask = 2147483647;
			files = (
				487524212333855D00CC8AB5 /* PushNotificationSimulation.h in Headers */,
			);
			runOnlyForDeploymentPostprocessing = 0;
		};
/* End PBXHeadersBuildPhase section */

/* Begin PBXNativeTarget section */
		482392CC2334B4F80099A303 /* PushNotificationSimulationExamplesTests */ = {
			isa = PBXNativeTarget;
			buildConfigurationList = 482392D62334B4F80099A303 /* Build configuration list for PBXNativeTarget "PushNotificationSimulationExamplesTests" */;
			buildPhases = (
				482392C92334B4F80099A303 /* Sources */,
				482392CA2334B4F80099A303 /* Frameworks */,
				482392CB2334B4F80099A303 /* Resources */,
			);
			buildRules = (
			);
			dependencies = (
				482392D32334B4F80099A303 /* PBXTargetDependency */,
			);
			name = PushNotificationSimulationExamplesTests;
			productName = PushNotificationSimulationExamplesTests;
			productReference = 482392CD2334B4F80099A303 /* PushNotificationSimulationExamplesTests.xctest */;
			productType = "com.apple.product-type.bundle.unit-test";
		};
		4875241B2333855D00CC8AB5 /* PushNotificationSimulation */ = {
			isa = PBXNativeTarget;
			buildConfigurationList = 487524242333855D00CC8AB5 /* Build configuration list for PBXNativeTarget "PushNotificationSimulation" */;
			buildPhases = (
				487524172333855D00CC8AB5 /* Headers */,
				487524182333855D00CC8AB5 /* Sources */,
				487524192333855D00CC8AB5 /* Frameworks */,
				4875241A2333855D00CC8AB5 /* Resources */,
			);
			buildRules = (
			);
			dependencies = (
			);
			name = PushNotificationSimulation;
			productName = PushNotificationSimulation;
			productReference = 4875241C2333855D00CC8AB5 /* PushNotificationSimulation.framework */;
			productType = "com.apple.product-type.framework";
		};
		48752448233385CF00CC8AB5 /* PushNotificationSimulationExamples */ = {
			isa = PBXNativeTarget;
			buildConfigurationList = 48752458233385D000CC8AB5 /* Build configuration list for PBXNativeTarget "PushNotificationSimulationExamples" */;
			buildPhases = (
				48752445233385CF00CC8AB5 /* Sources */,
				48752446233385CF00CC8AB5 /* Frameworks */,
				48752447233385CF00CC8AB5 /* Resources */,
			);
			buildRules = (
			);
			dependencies = (
			);
			name = PushNotificationSimulationExamples;
			productName = PushNotificationSimulationExamples;
			productReference = 48752449233385CF00CC8AB5 /* PushNotificationSimulationExamples.app */;
			productType = "com.apple.product-type.application";
		};
/* End PBXNativeTarget section */

/* Begin PBXProject section */
		487524132333855D00CC8AB5 /* Project object */ = {
			isa = PBXProject;
			attributes = {
				LastSwiftUpdateCheck = 1030;
				LastUpgradeCheck = 1030;
				TargetAttributes = {
					482392CC2334B4F80099A303 = {
						CreatedOnToolsVersion = 10.3;
						TestTargetID = 48752448233385CF00CC8AB5;
					};
					4875241B2333855D00CC8AB5 = {
						CreatedOnToolsVersion = 10.3;
						LastSwiftMigration = 1030;
					};
					48752448233385CF00CC8AB5 = {
						CreatedOnToolsVersion = 10.3;
						SystemCapabilities = {
							com.apple.BackgroundModes = {
								enabled = 1;
							};
						};
					};
				};
			};
			buildConfigurationList = 487524162333855D00CC8AB5 /* Build configuration list for PBXProject "PushNotificationSimulation" */;
			compatibilityVersion = "Xcode 9.3";
			developmentRegion = en;
			hasScannedForEncodings = 0;
			knownRegions = (
				en,
				Base,
			);
			mainGroup = 487524122333855D00CC8AB5;
			productRefGroup = 4875241D2333855D00CC8AB5 /* Products */;
			projectDirPath = "";
			projectRoot = "";
			targets = (
				4875241B2333855D00CC8AB5 /* PushNotificationSimulation */,
				48752448233385CF00CC8AB5 /* PushNotificationSimulationExamples */,
				482392CC2334B4F80099A303 /* PushNotificationSimulationExamplesTests */,
			);
		};
/* End PBXProject section */

/* Begin PBXResourcesBuildPhase section */
		482392CB2334B4F80099A303 /* Resources */ = {
			isa = PBXResourcesBuildPhase;
			buildActionMask = 2147483647;
			files = (
			);
			runOnlyForDeploymentPostprocessing = 0;
		};
		4875241A2333855D00CC8AB5 /* Resources */ = {
			isa = PBXResourcesBuildPhase;
			buildActionMask = 2147483647;
			files = (
			);
			runOnlyForDeploymentPostprocessing = 0;
		};
		48752447233385CF00CC8AB5 /* Resources */ = {
			isa = PBXResourcesBuildPhase;
			buildActionMask = 2147483647;
			files = (
				48752456233385D000CC8AB5 /* LaunchScreen.storyboard in Resources */,
				48752453233385D000CC8AB5 /* Assets.xcassets in Resources */,
				48752451233385D000CC8AB5 /* Main.storyboard in Resources */,
			);
			runOnlyForDeploymentPostprocessing = 0;
		};
/* End PBXResourcesBuildPhase section */

/* Begin PBXSourcesBuildPhase section */
		482392C92334B4F80099A303 /* Sources */ = {
			isa = PBXSourcesBuildPhase;
			buildActionMask = 2147483647;
			files = (
				482392D92334B6720099A303 /* AppDelegateMock.swift in Sources */,
				482392D02334B4F80099A303 /* PushNotificationSimulationExamplesTests.swift in Sources */,
			);
			runOnlyForDeploymentPostprocessing = 0;
		};
		487524182333855D00CC8AB5 /* Sources */ = {
			isa = PBXSourcesBuildPhase;
			buildActionMask = 2147483647;
			files = (
				4875245C233387F600CC8AB5 /* PushNotificationSimulation.swift in Sources */,
			);
			runOnlyForDeploymentPostprocessing = 0;
		};
		48752445233385CF00CC8AB5 /* Sources */ = {
			isa = PBXSourcesBuildPhase;
			buildActionMask = 2147483647;
			files = (
				4875244E233385D000CC8AB5 /* ViewController.swift in Sources */,
				4875244C233385D000CC8AB5 /* AppDelegate.swift in Sources */,
			);
			runOnlyForDeploymentPostprocessing = 0;
		};
/* End PBXSourcesBuildPhase section */

/* Begin PBXTargetDependency section */
		482392D32334B4F80099A303 /* PBXTargetDependency */ = {
			isa = PBXTargetDependency;
			target = 48752448233385CF00CC8AB5 /* PushNotificationSimulationExamples */;
			targetProxy = 482392D22334B4F80099A303 /* PBXContainerItemProxy */;
		};
/* End PBXTargetDependency section */

/* Begin PBXVariantGroup section */
		4875244F233385D000CC8AB5 /* Main.storyboard */ = {
			isa = PBXVariantGroup;
			children = (
				48752450233385D000CC8AB5 /* Base */,
			);
			name = Main.storyboard;
			sourceTree = "<group>";
		};
		48752454233385D000CC8AB5 /* LaunchScreen.storyboard */ = {
			isa = PBXVariantGroup;
			children = (
				48752455233385D000CC8AB5 /* Base */,
			);
			name = LaunchScreen.storyboard;
			sourceTree = "<group>";
		};
/* End PBXVariantGroup section */

/* Begin XCBuildConfiguration section */
		482392D42334B4F80099A303 /* Debug */ = {
			isa = XCBuildConfiguration;
			buildSettings = {
				BUNDLE_LOADER = "$(TEST_HOST)";
				CODE_SIGN_STYLE = Automatic;
				INFOPLIST_FILE = PushNotificationSimulationExamplesTests/Info.plist;
				IPHONEOS_DEPLOYMENT_TARGET = 12.4;
				LD_RUNPATH_SEARCH_PATHS = (
					"$(inherited)",
					"@executable_path/Frameworks",
					"@loader_path/Frameworks",
				);
				PRODUCT_BUNDLE_IDENTIFIER = com.PushNotificationSimulationExamplesTests;
				PRODUCT_NAME = "$(TARGET_NAME)";
				SWIFT_VERSION = 5.0;
				TARGETED_DEVICE_FAMILY = "1,2";
				TEST_HOST = "$(BUILT_PRODUCTS_DIR)/PushNotificationSimulationExamples.app/PushNotificationSimulationExamples";
			};
			name = Debug;
		};
		482392D52334B4F80099A303 /* Release */ = {
			isa = XCBuildConfiguration;
			buildSettings = {
				BUNDLE_LOADER = "$(TEST_HOST)";
				CODE_SIGN_STYLE = Automatic;
				INFOPLIST_FILE = PushNotificationSimulationExamplesTests/Info.plist;
				IPHONEOS_DEPLOYMENT_TARGET = 12.4;
				LD_RUNPATH_SEARCH_PATHS = (
					"$(inherited)",
					"@executable_path/Frameworks",
					"@loader_path/Frameworks",
				);
				PRODUCT_BUNDLE_IDENTIFIER = com.PushNotificationSimulationExamplesTests;
				PRODUCT_NAME = "$(TARGET_NAME)";
				SWIFT_VERSION = 5.0;
				TARGETED_DEVICE_FAMILY = "1,2";
				TEST_HOST = "$(BUILT_PRODUCTS_DIR)/PushNotificationSimulationExamples.app/PushNotificationSimulationExamples";
			};
			name = Release;
		};
		487524222333855D00CC8AB5 /* Debug */ = {
			isa = XCBuildConfiguration;
			buildSettings = {
				ALWAYS_SEARCH_USER_PATHS = NO;
				CLANG_ANALYZER_NONNULL = YES;
				CLANG_ANALYZER_NUMBER_OBJECT_CONVERSION = YES_AGGRESSIVE;
				CLANG_CXX_LANGUAGE_STANDARD = "gnu++14";
				CLANG_CXX_LIBRARY = "libc++";
				CLANG_ENABLE_MODULES = YES;
				CLANG_ENABLE_OBJC_ARC = YES;
				CLANG_ENABLE_OBJC_WEAK = YES;
				CLANG_WARN_BLOCK_CAPTURE_AUTORELEASING = YES;
				CLANG_WARN_BOOL_CONVERSION = YES;
				CLANG_WARN_COMMA = YES;
				CLANG_WARN_CONSTANT_CONVERSION = YES;
				CLANG_WARN_DEPRECATED_OBJC_IMPLEMENTATIONS = YES;
				CLANG_WARN_DIRECT_OBJC_ISA_USAGE = YES_ERROR;
				CLANG_WARN_DOCUMENTATION_COMMENTS = YES;
				CLANG_WARN_EMPTY_BODY = YES;
				CLANG_WARN_ENUM_CONVERSION = YES;
				CLANG_WARN_INFINITE_RECURSION = YES;
				CLANG_WARN_INT_CONVERSION = YES;
				CLANG_WARN_NON_LITERAL_NULL_CONVERSION = YES;
				CLANG_WARN_OBJC_IMPLICIT_RETAIN_SELF = YES;
				CLANG_WARN_OBJC_LITERAL_CONVERSION = YES;
				CLANG_WARN_OBJC_ROOT_CLASS = YES_ERROR;
				CLANG_WARN_RANGE_LOOP_ANALYSIS = YES;
				CLANG_WARN_STRICT_PROTOTYPES = YES;
				CLANG_WARN_SUSPICIOUS_MOVE = YES;
				CLANG_WARN_UNGUARDED_AVAILABILITY = YES_AGGRESSIVE;
				CLANG_WARN_UNREACHABLE_CODE = YES;
				CLANG_WARN__DUPLICATE_METHOD_MATCH = YES;
				CODE_SIGN_IDENTITY = "iPhone Developer";
				COPY_PHASE_STRIP = NO;
				CURRENT_PROJECT_VERSION = 1;
				DEBUG_INFORMATION_FORMAT = dwarf;
				ENABLE_STRICT_OBJC_MSGSEND = YES;
				ENABLE_TESTABILITY = YES;
				GCC_C_LANGUAGE_STANDARD = gnu11;
				GCC_DYNAMIC_NO_PIC = NO;
				GCC_NO_COMMON_BLOCKS = YES;
				GCC_OPTIMIZATION_LEVEL = 0;
				GCC_PREPROCESSOR_DEFINITIONS = (
					"DEBUG=1",
					"$(inherited)",
				);
				GCC_WARN_64_TO_32_BIT_CONVERSION = YES;
				GCC_WARN_ABOUT_RETURN_TYPE = YES_ERROR;
				GCC_WARN_UNDECLARED_SELECTOR = YES;
				GCC_WARN_UNINITIALIZED_AUTOS = YES_AGGRESSIVE;
				GCC_WARN_UNUSED_FUNCTION = YES;
				GCC_WARN_UNUSED_VARIABLE = YES;
				IPHONEOS_DEPLOYMENT_TARGET = 11.0;
				MTL_ENABLE_DEBUG_INFO = INCLUDE_SOURCE;
				MTL_FAST_MATH = YES;
				ONLY_ACTIVE_ARCH = YES;
				SDKROOT = iphoneos;
				SWIFT_ACTIVE_COMPILATION_CONDITIONS = DEBUG;
				SWIFT_OPTIMIZATION_LEVEL = "-Onone";
				VERSIONING_SYSTEM = "apple-generic";
				VERSION_INFO_PREFIX = "";
			};
			name = Debug;
		};
		487524232333855D00CC8AB5 /* Release */ = {
			isa = XCBuildConfiguration;
			buildSettings = {
				ALWAYS_SEARCH_USER_PATHS = NO;
				CLANG_ANALYZER_NONNULL = YES;
				CLANG_ANALYZER_NUMBER_OBJECT_CONVERSION = YES_AGGRESSIVE;
				CLANG_CXX_LANGUAGE_STANDARD = "gnu++14";
				CLANG_CXX_LIBRARY = "libc++";
				CLANG_ENABLE_MODULES = YES;
				CLANG_ENABLE_OBJC_ARC = YES;
				CLANG_ENABLE_OBJC_WEAK = YES;
				CLANG_WARN_BLOCK_CAPTURE_AUTORELEASING = YES;
				CLANG_WARN_BOOL_CONVERSION = YES;
				CLANG_WARN_COMMA = YES;
				CLANG_WARN_CONSTANT_CONVERSION = YES;
				CLANG_WARN_DEPRECATED_OBJC_IMPLEMENTATIONS = YES;
				CLANG_WARN_DIRECT_OBJC_ISA_USAGE = YES_ERROR;
				CLANG_WARN_DOCUMENTATION_COMMENTS = YES;
				CLANG_WARN_EMPTY_BODY = YES;
				CLANG_WARN_ENUM_CONVERSION = YES;
				CLANG_WARN_INFINITE_RECURSION = YES;
				CLANG_WARN_INT_CONVERSION = YES;
				CLANG_WARN_NON_LITERAL_NULL_CONVERSION = YES;
				CLANG_WARN_OBJC_IMPLICIT_RETAIN_SELF = YES;
				CLANG_WARN_OBJC_LITERAL_CONVERSION = YES;
				CLANG_WARN_OBJC_ROOT_CLASS = YES_ERROR;
				CLANG_WARN_RANGE_LOOP_ANALYSIS = YES;
				CLANG_WARN_STRICT_PROTOTYPES = YES;
				CLANG_WARN_SUSPICIOUS_MOVE = YES;
				CLANG_WARN_UNGUARDED_AVAILABILITY = YES_AGGRESSIVE;
				CLANG_WARN_UNREACHABLE_CODE = YES;
				CLANG_WARN__DUPLICATE_METHOD_MATCH = YES;
				CODE_SIGN_IDENTITY = "iPhone Developer";
				COPY_PHASE_STRIP = NO;
				CURRENT_PROJECT_VERSION = 1;
				DEBUG_INFORMATION_FORMAT = "dwarf-with-dsym";
				ENABLE_NS_ASSERTIONS = NO;
				ENABLE_STRICT_OBJC_MSGSEND = YES;
				GCC_C_LANGUAGE_STANDARD = gnu11;
				GCC_NO_COMMON_BLOCKS = YES;
				GCC_WARN_64_TO_32_BIT_CONVERSION = YES;
				GCC_WARN_ABOUT_RETURN_TYPE = YES_ERROR;
				GCC_WARN_UNDECLARED_SELECTOR = YES;
				GCC_WARN_UNINITIALIZED_AUTOS = YES_AGGRESSIVE;
				GCC_WARN_UNUSED_FUNCTION = YES;
				GCC_WARN_UNUSED_VARIABLE = YES;
				IPHONEOS_DEPLOYMENT_TARGET = 11.0;
				MTL_ENABLE_DEBUG_INFO = NO;
				MTL_FAST_MATH = YES;
				SDKROOT = iphoneos;
				SWIFT_COMPILATION_MODE = wholemodule;
				SWIFT_OPTIMIZATION_LEVEL = "-O";
				VALIDATE_PRODUCT = YES;
				VERSIONING_SYSTEM = "apple-generic";
				VERSION_INFO_PREFIX = "";
			};
			name = Release;
		};
		487524252333855D00CC8AB5 /* Debug */ = {
			isa = XCBuildConfiguration;
			buildSettings = {
				CLANG_ENABLE_MODULES = YES;
				CODE_SIGN_IDENTITY = "";
				CODE_SIGN_STYLE = Automatic;
				DEFINES_MODULE = YES;
				DYLIB_COMPATIBILITY_VERSION = 1;
				DYLIB_CURRENT_VERSION = 1;
				DYLIB_INSTALL_NAME_BASE = "@rpath";
				INFOPLIST_FILE = PushNotificationSimulation/Info.plist;
				INSTALL_PATH = "$(LOCAL_LIBRARY_DIR)/Frameworks";
				LD_RUNPATH_SEARCH_PATHS = (
					"$(inherited)",
					"@executable_path/Frameworks",
					"@loader_path/Frameworks",
				);
				PRODUCT_BUNDLE_IDENTIFIER = com.PushNotificationSimulation;
				PRODUCT_NAME = "$(TARGET_NAME:c99extidentifier)";
				SKIP_INSTALL = YES;
				SWIFT_OPTIMIZATION_LEVEL = "-Onone";
				SWIFT_VERSION = 5.0;
				TARGETED_DEVICE_FAMILY = "1,2";
			};
			name = Debug;
		};
		487524262333855D00CC8AB5 /* Release */ = {
			isa = XCBuildConfiguration;
			buildSettings = {
				CLANG_ENABLE_MODULES = YES;
				CODE_SIGN_IDENTITY = "";
				CODE_SIGN_STYLE = Automatic;
				DEFINES_MODULE = YES;
				DYLIB_COMPATIBILITY_VERSION = 1;
				DYLIB_CURRENT_VERSION = 1;
				DYLIB_INSTALL_NAME_BASE = "@rpath";
				INFOPLIST_FILE = PushNotificationSimulation/Info.plist;
				INSTALL_PATH = "$(LOCAL_LIBRARY_DIR)/Frameworks";
				LD_RUNPATH_SEARCH_PATHS = (
					"$(inherited)",
					"@executable_path/Frameworks",
					"@loader_path/Frameworks",
				);
				PRODUCT_BUNDLE_IDENTIFIER = com.PushNotificationSimulation;
				PRODUCT_NAME = "$(TARGET_NAME:c99extidentifier)";
				SKIP_INSTALL = YES;
				SWIFT_VERSION = 5.0;
				TARGETED_DEVICE_FAMILY = "1,2";
			};
			name = Release;
		};
		48752459233385D000CC8AB5 /* Debug */ = {
			isa = XCBuildConfiguration;
			buildSettings = {
				ASSETCATALOG_COMPILER_APPICON_NAME = AppIcon;
				CODE_SIGN_STYLE = Automatic;
				INFOPLIST_FILE = PushNotificationSimulationExamples/Info.plist;
				LD_RUNPATH_SEARCH_PATHS = (
					"$(inherited)",
					"@executable_path/Frameworks",
				);
				PRODUCT_BUNDLE_IDENTIFIER = com.PushNotificationSimulationExamples;
				PRODUCT_NAME = "$(TARGET_NAME)";
				SWIFT_VERSION = 5.0;
				TARGETED_DEVICE_FAMILY = "1,2";
			};
			name = Debug;
		};
		4875245A233385D000CC8AB5 /* Release */ = {
			isa = XCBuildConfiguration;
			buildSettings = {
				ASSETCATALOG_COMPILER_APPICON_NAME = AppIcon;
				CODE_SIGN_STYLE = Automatic;
				INFOPLIST_FILE = PushNotificationSimulationExamples/Info.plist;
				LD_RUNPATH_SEARCH_PATHS = (
					"$(inherited)",
					"@executable_path/Frameworks",
				);
				PRODUCT_BUNDLE_IDENTIFIER = com.PushNotificationSimulationExamples;
				PRODUCT_NAME = "$(TARGET_NAME)";
				SWIFT_VERSION = 5.0;
				TARGETED_DEVICE_FAMILY = "1,2";
			};
			name = Release;
		};
/* End XCBuildConfiguration section */

/* Begin XCConfigurationList section */
		482392D62334B4F80099A303 /* Build configuration list for PBXNativeTarget "PushNotificationSimulationExamplesTests" */ = {
			isa = XCConfigurationList;
			buildConfigurations = (
				482392D42334B4F80099A303 /* Debug */,
				482392D52334B4F80099A303 /* Release */,
			);
			defaultConfigurationIsVisible = 0;
			defaultConfigurationName = Release;
		};
		487524162333855D00CC8AB5 /* Build configuration list for PBXProject "PushNotificationSimulation" */ = {
			isa = XCConfigurationList;
			buildConfigurations = (
				487524222333855D00CC8AB5 /* Debug */,
				487524232333855D00CC8AB5 /* Release */,
			);
			defaultConfigurationIsVisible = 0;
			defaultConfigurationName = Release;
		};
		487524242333855D00CC8AB5 /* Build configuration list for PBXNativeTarget "PushNotificationSimulation" */ = {
			isa = XCConfigurationList;
			buildConfigurations = (
				487524252333855D00CC8AB5 /* Debug */,
				487524262333855D00CC8AB5 /* Release */,
			);
			defaultConfigurationIsVisible = 0;
			defaultConfigurationName = Release;
		};
		48752458233385D000CC8AB5 /* Build configuration list for PBXNativeTarget "PushNotificationSimulationExamples" */ = {
			isa = XCConfigurationList;
			buildConfigurations = (
				48752459233385D000CC8AB5 /* Debug */,
				4875245A233385D000CC8AB5 /* Release */,
			);
			defaultConfigurationIsVisible = 0;
			defaultConfigurationName = Release;
		};
/* End XCConfigurationList section */
	};
	rootObject = 487524132333855D00CC8AB5 /* Project object */;
}
